
Microsoft Visual Studio Solution File, Format Version 11.00
# Visual Studio 2010
Project("{8BC9CEB8-8B4A-11D0-8D11-00A0C91BC942}") = "CryptDLL", "CryptDLL\CryptDLL.vcxproj", "{BB8CD968-DF12-4ED5-8DAD-EBF5E94B71AB}"
EndProject
Global
	GlobalSection(SolutionConfigurationPlatforms) = preSolution
		Debug|Win32 = Debug|Win32
		Release|Win32 = Release|Win32
	EndGlobalSection
	GlobalSection(ProjectConfigurationPlatforms) = postSolution
		{BB8CD968-DF12-4ED5-8DAD-EBF5E94B71AB}.Debug|Win32.ActiveCfg = Debug|Win32
		{BB8CD968-DF12-4ED5-8DAD-EBF5E94B71AB}.Debug|Win32.Build.0 = Debug|Win32
		{BB8CD968-DF12-4ED5-8DAD-EBF5E94B71AB}.Release|Win32.ActiveCfg = Release|Win32
		{BB8CD968-DF12-4ED5-8DAD-EBF5E94B71AB}.Release|Win32.Build.0 = Release|Win32
	EndGlobalSection
	GlobalSection(SolutionProperties) = preSolution
		HideSolutionNode = FALSE
	EndGlobalSection
EndGlobal
